version = 1
revision = 3
requires-python = ">=3.14"

[[package]]
name = "accessible-pygments"
version = "0.0.5"
source = { registry = "https://pypi.org/simple" }
dependencies = [
    { name = "pygments" },
]
sdist = { url = "https://files.pythonhosted.org/packages/bc/c1/bbac6a50d02774f91572938964c582fff4270eee73ab822a4aeea4d8b11b/accessible_pygments-0.0.5.tar.gz", hash = "sha256:40918d3e6a2b619ad424cb91e556bd3bd8865443d9f22f1dcdf79e33c8046872", size = 1377899, upload-time = "2024-05-10T11:23:10.216Z" }
wheels = [
    { url = "https://files.pythonhosted.org/packages/8d/3f/95338030883d8c8b91223b4e21744b04d11b161a3ef117295d8241f50ab4/accessible_pygments-0.0.5-py3-none-any.whl", hash = "sha256:88ae3211e68a1d0b011504b2ffc1691feafce124b845bd072ab6f9f66f34d4b7", size = 1395903, upload-time = "2024-05-10T11:23:08.421Z" },
]

[[package]]
name = "jekyll-jtdocs"
version = "0.1.0"
source = { virtual = "." }
dependencies = [
    { name = "accessible-pygments" },
    { name = "pygments" },
]

[package.metadata]
requires-dist = [
    { name = "accessible-pygments", specifier = ">=0.0.5" },
    { name = "pygments", specifier = ">=2.19.2" },
]

[[package]]
name = "pygments"
version = "2.19.2"
source = { registry = "https://pypi.org/simple" }
sdist = { url = "https://files.pythonhosted.org/packages/b0/77/a5b8c569bf593b0140bde72ea885a803b82086995367bf2037de0159d924/pygments-2.19.2.tar.gz", hash = "sha256:636cb2477cec7f8952536970bc533bc43743542f70392ae026374600add5b887", size = 4968631, upload-time = "2025-06-21T13:39:12.283Z" }
wheels = [
    { url = "https://files.pythonhosted.org/packages/c7/21/705964c7812476f378728bdf590ca4b771ec72385c533964653c68e86bdc/pygments-2.19.2-py3-none-any.whl", hash = "sha256:86540386c03d588bb81d44bc3928634ff26449851e99741617ecb9037ee5ec0b", size = 1225217, upload-time = "2025-06-21T13:39:07.939Z" },
]
